{
  "object": {
    "pins": [
      {
        "package": "combine-schedulers",
        "repositoryURL": "https://github.com/pointfreeco/combine-schedulers.git",
        "state": {
          "branch": null,
          "revision": "882ac01eb7ef9e36d4467eb4b1151e74fcef85ab",
          "version": "0.9.1"
        }
      },
      {
        "package": "xctest-dynamic-overlay",
        "repositoryURL": "https://github.com/pointfreeco/xctest-dynamic-overlay",
        "state": {
          "branch": null,
          "revision": "5a5457a744239896e9b0b03a8e1a5069c3e7b91f",
          "version": "0.6.0"
        }
      }
    ]
  },
  "version": 1
}
